
Microsoft Visual Studio Solution File, Format Version 12.00
# Visual Studio 2013
VisualStudioVersion = 12.0.40629.0
MinimumVisualStudioVersion = 10.0.40219.1
Project("{8BC9CEB8-8B4A-11D0-8D11-00A0C91BC942}") = "Regression_Analysis_LearnStock", "Regression_Analysis_LearnStock\Regression_Analysis_LearnStock.vcxproj", "{2772A69A-6412-467D-A1D9-B57F4AA054AF}"
EndProject
Global
	GlobalSection(SolutionConfigurationPlatforms) = preSolution
		Debug|Win32 = Debug|Win32
		Release|Win32 = Release|Win32
	EndGlobalSection
	GlobalSection(ProjectConfigurationPlatforms) = postSolution
		{2772A69A-6412-467D-A1D9-B57F4AA054AF}.Debug|Win32.ActiveCfg = Debug|Win32
		{2772A69A-6412-467D-A1D9-B57F4AA054AF}.Debug|Win32.Build.0 = Debug|Win32
		{2772A69A-6412-467D-A1D9-B57F4AA054AF}.Release|Win32.ActiveCfg = Release|Win32
		{2772A69A-6412-467D-A1D9-B57F4AA054AF}.Release|Win32.Build.0 = Release|Win32
	EndGlobalSection
	GlobalSection(SolutionProperties) = preSolution
		HideSolutionNode = FALSE
	EndGlobalSection
EndGlobal
